Microsoft Visual Studio Solution File, Format Version 12.00
# Visual Studio 14
VisualStudioVersion = 14.0.25420.1
MinimumVisualStudioVersion = 10.0.40219.1
Project("{8BC9CEB8-8B4A-11D0-8D11-00A0C91BC942}") = "demo", "demo\demo.vcxproj", "{DA7F975D-BBE0-4344-B193-EFE2EAF96C26}"
EndProject
Project("{8BC9CEB8-8B4A-11D0-8D11-00A0C91BC942}") = "lib", "lib.vcxproj", "{B4242804-E171-4C3A-9B17-3AF4290A62BD}"
EndProject
Project("{8BC9CEB8-8B4A-11D0-8D11-00A0C91BC942}") = "oglsc", "oglsc.vcxproj", "{ACC16442-4C70-4887-BD24-78298E97711D}"
EndProject
Project("{8BC9CEB8-8B4A-11D0-8D11-00A0C91BC942}") = "SDL2", "..\..\SDL2-2.0.10\VisualC\SDL\SDL.vcxproj", "{81CE8DAF-EBB2-4761-8E45-B71ABCCA8C68}"
EndProject
Project("{8BC9CEB8-8B4A-11D0-8D11-00A0C91BC942}") = "SDL2main", "..\..\SDL2-2.0.10\VisualC\SDLmain\SDLmain.vcxproj", "{DA956FD3-E142-46F2-9DD5-C78BEBB56B7A}"
EndProject
Global
	GlobalSection(SolutionConfigurationPlatforms) = preSolution
		Debug|Win32 = Debug|Win32
		Debug|x64 = Debug|x64
		Debug|x86 = Debug|x86
		Release_NoSTDIO|Win32 = Release_NoSTDIO|Win32
		Release_NoSTDIO|x64 = Release_NoSTDIO|x64
		Release_NoSTDIO|x86 = Release_NoSTDIO|x86
		Release|Win32 = Release|Win32
		Release|x64 = Release|x64
		Release|x86 = Release|x86
	EndGlobalSection
	GlobalSection(ProjectConfigurationPlatforms) = postSolution
		{DA7F975D-BBE0-4344-B193-EFE2EAF96C26}.Debug|Win32.ActiveCfg = Debug|Win32
		{DA7F975D-BBE0-4344-B193-EFE2EAF96C26}.Debug|Win32.Build.0 = Debug|Win32
		{DA7F975D-BBE0-4344-B193-EFE2EAF96C26}.Debug|x64.ActiveCfg = Debug|x64
		{DA7F975D-BBE0-4344-B193-EFE2EAF96C26}.Debug|x64.Build.0 = Debug|x64
		{DA7F975D-BBE0-4344-B193-EFE2EAF96C26}.Debug|x86.ActiveCfg = Debug|Win32
		{DA7F975D-BBE0-4344-B193-EFE2EAF96C26}.Debug|x86.Build.0 = Debug|Win32
		{DA7F975D-BBE0-4344-B193-EFE2EAF96C26}.Release_NoSTDIO|Win32.ActiveCfg = Release|Win32
		{DA7F975D-BBE0-4344-B193-EFE2EAF96C26}.Release_NoSTDIO|Win32.Build.0 = Release|Win32
		{DA7F975D-BBE0-4344-B193-EFE2EAF96C26}.Release_NoSTDIO|x64.ActiveCfg = Release|x64
		{DA7F975D-BBE0-4344-B193-EFE2EAF96C26}.Release_NoSTDIO|x64.Build.0 = Release|x64
		{DA7F975D-BBE0-4344-B193-EFE2EAF96C26}.Release_NoSTDIO|x86.ActiveCfg = Release|Win32
		{DA7F975D-BBE0-4344-B193-EFE2EAF96C26}.Release_NoSTDIO|x86.Build.0 = Release|Win32
		{DA7F975D-BBE0-4344-B193-EFE2EAF96C26}.Release|Win32.ActiveCfg = Release|Win32
		{DA7F975D-BBE0-4344-B193-EFE2EAF96C26}.Release|Win32.Build.0 = Release|Win32
		{DA7F975D-BBE0-4344-B193-EFE2EAF96C26}.Release|x64.ActiveCfg = Release|x64
		{DA7F975D-BBE0-4344-B193-EFE2EAF96C26}.Release|x64.Build.0 = Release|x64
		{DA7F975D-BBE0-4344-B193-EFE2EAF96C26}.Release|x86.ActiveCfg = Release|Win32
		{DA7F975D-BBE0-4344-B193-EFE2EAF96C26}.Release|x86.Build.0 = Release|Win32
		{B4242804-E171-4C3A-9B17-3AF4290A62BD}.Debug|Win32.ActiveCfg = Debug|Win32
		{B4242804-E171-4C3A-9B17-3AF4290A62BD}.Debug|Win32.Build.0 = Debug|Win32
		{B4242804-E171-4C3A-9B17-3AF4290A62BD}.Debug|x64.ActiveCfg = Debug|Win32
		{B4242804-E171-4C3A-9B17-3AF4290A62BD}.Debug|x86.ActiveCfg = Debug|Win32
		{B4242804-E171-4C3A-9B17-3AF4290A62BD}.Debug|x86.Build.0 = Debug|Win32
		{B4242804-E171-4C3A-9B17-3AF4290A62BD}.Release_NoSTDIO|Win32.ActiveCfg = Release|Win32
		{B4242804-E171-4C3A-9B17-3AF4290A62BD}.Release_NoSTDIO|Win32.Build.0 = Release|Win32
		{B4242804-E171-4C3A-9B17-3AF4290A62BD}.Release_NoSTDIO|x64.ActiveCfg = Release|Win32
		{B4242804-E171-4C3A-9B17-3AF4290A62BD}.Release_NoSTDIO|x64.Build.0 = Release|Win32
		{B4242804-E171-4C3A-9B17-3AF4290A62BD}.Release_NoSTDIO|x86.ActiveCfg = Release|Win32
		{B4242804-E171-4C3A-9B17-3AF4290A62BD}.Release_NoSTDIO|x86.Build.0 = Release|Win32
		{B4242804-E171-4C3A-9B17-3AF4290A62BD}.Release|Win32.ActiveCfg = Release|Win32
		{B4242804-E171-4C3A-9B17-3AF4290A62BD}.Release|Win32.Build.0 = Release|Win32
		{B4242804-E171-4C3A-9B17-3AF4290A62BD}.Release|x64.ActiveCfg = Release|Win32
		{B4242804-E171-4C3A-9B17-3AF4290A62BD}.Release|x86.ActiveCfg = Release|Win32
		{B4242804-E171-4C3A-9B17-3AF4290A62BD}.Release|x86.Build.0 = Release|Win32
		{ACC16442-4C70-4887-BD24-78298E97711D}.Debug|Win32.ActiveCfg = Debug|Win32
		{ACC16442-4C70-4887-BD24-78298E97711D}.Debug|Win32.Build.0 = Debug|Win32
		{ACC16442-4C70-4887-BD24-78298E97711D}.Debug|x64.ActiveCfg = Debug|x64
		{ACC16442-4C70-4887-BD24-78298E97711D}.Debug|x64.Build.0 = Debug|x64
		{ACC16442-4C70-4887-BD24-78298E97711D}.Debug|x86.ActiveCfg = Debug|Win32
		{ACC16442-4C70-4887-BD24-78298E97711D}.Debug|x86.Build.0 = Debug|Win32
		{ACC16442-4C70-4887-BD24-78298E97711D}.Release_NoSTDIO|Win32.ActiveCfg = Release|Win32
		{ACC16442-4C70-4887-BD24-78298E97711D}.Release_NoSTDIO|Win32.Build.0 = Release|Win32
		{ACC16442-4C70-4887-BD24-78298E97711D}.Release_NoSTDIO|x64.ActiveCfg = Release|x64
		{ACC16442-4C70-4887-BD24-78298E97711D}.Release_NoSTDIO|x64.Build.0 = Release|x64
		{ACC16442-4C70-4887-BD24-78298E97711D}.Release_NoSTDIO|x86.ActiveCfg = Release|Win32
		{ACC16442-4C70-4887-BD24-78298E97711D}.Release_NoSTDIO|x86.Build.0 = Release|Win32
		{ACC16442-4C70-4887-BD24-78298E97711D}.Release|Win32.ActiveCfg = Release|Win32
		{ACC16442-4C70-4887-BD24-78298E97711D}.Release|Win32.Build.0 = Release|Win32
		{ACC16442-4C70-4887-BD24-78298E97711D}.Release|x64.ActiveCfg = Release|x64
		{ACC16442-4C70-4887-BD24-78298E97711D}.Release|x64.Build.0 = Release|x64
		{ACC16442-4C70-4887-BD24-78298E97711D}.Release|x86.ActiveCfg = Release|Win32
		{ACC16442-4C70-4887-BD24-78298E97711D}.Release|x86.Build.0 = Release|Win32
		{81CE8DAF-EBB2-4761-8E45-B71ABCCA8C68}.Debug|Win32.ActiveCfg = Debug|Win32
		{81CE8DAF-EBB2-4761-8E45-B71ABCCA8C68}.Debug|Win32.Build.0 = Debug|Win32
		{81CE8DAF-EBB2-4761-8E45-B71ABCCA8C68}.Debug|x64.ActiveCfg = Debug|x64
		{81CE8DAF-EBB2-4761-8E45-B71ABCCA8C68}.Debug|x64.Build.0 = Debug|x64
		{81CE8DAF-EBB2-4761-8E45-B71ABCCA8C68}.Debug|x86.ActiveCfg = Debug|Win32
		{81CE8DAF-EBB2-4761-8E45-B71ABCCA8C68}.Debug|x86.Build.0 = Debug|Win32
		{81CE8DAF-EBB2-4761-8E45-B71ABCCA8C68}.Release_NoSTDIO|Win32.ActiveCfg = Release|Win32
		{81CE8DAF-EBB2-4761-8E45-B71ABCCA8C68}.Release_NoSTDIO|Win32.Build.0 = Release|Win32
		{81CE8DAF-EBB2-4761-8E45-B71ABCCA8C68}.Release_NoSTDIO|x64.ActiveCfg = Release|x64
		{81CE8DAF-EBB2-4761-8E45-B71ABCCA8C68}.Release_NoSTDIO|x64.Build.0 = Release|x64
		{81CE8DAF-EBB2-4761-8E45-B71ABCCA8C68}.Release_NoSTDIO|x86.ActiveCfg = Release|Win32
		{81CE8DAF-EBB2-4761-8E45-B71ABCCA8C68}.Release_NoSTDIO|x86.Build.0 = Release|Win32
		{81CE8DAF-EBB2-4761-8E45-B71ABCCA8C68}.Release|Win32.ActiveCfg = Release|Win32
		{81CE8DAF-EBB2-4761-8E45-B71ABCCA8C68}.Release|Win32.Build.0 = Release|Win32
		{81CE8DAF-EBB2-4761-8E45-B71ABCCA8C68}.Release|x64.ActiveCfg = Release|x64
		{81CE8DAF-EBB2-4761-8E45-B71ABCCA8C68}.Release|x64.Build.0 = Release|x64
		{81CE8DAF-EBB2-4761-8E45-B71ABCCA8C68}.Release|x86.ActiveCfg = Release|Win32
		{81CE8DAF-EBB2-4761-8E45-B71ABCCA8C68}.Release|x86.Build.0 = Release|Win32
		{DA956FD3-E142-46F2-9DD5-C78BEBB56B7A}.Debug|Win32.ActiveCfg = Debug|Win32
		{DA956FD3-E142-46F2-9DD5-C78BEBB56B7A}.Debug|Win32.Build.0 = Debug|Win32
		{DA956FD3-E142-46F2-9DD5-C78BEBB56B7A}.Debug|x64.ActiveCfg = Debug|x64
		{DA956FD3-E142-46F2-9DD5-C78BEBB56B7A}.Debug|x64.Build.0 = Debug|x64
		{DA956FD3-E142-46F2-9DD5-C78BEBB56B7A}.Debug|x86.ActiveCfg = Debug|Win32
		{DA956FD3-E142-46F2-9DD5-C78BEBB56B7A}.Debug|x86.Build.0 = Debug|Win32
		{DA956FD3-E142-46F2-9DD5-C78BEBB56B7A}.Release_NoSTDIO|Win32.ActiveCfg = Release|Win32
		{DA956FD3-E142-46F2-9DD5-C78BEBB56B7A}.Release_NoSTDIO|Win32.Build.0 = Release|Win32
		{DA956FD3-E142-46F2-9DD5-C78BEBB56B7A}.Release_NoSTDIO|x64.ActiveCfg = Release|x64
		{DA956FD3-E142-46F2-9DD5-C78BEBB56B7A}.Release_NoSTDIO|x64.Build.0 = Release|x64
		{DA956FD3-E142-46F2-9DD5-C78BEBB56B7A}.Release_NoSTDIO|x86.ActiveCfg = Release|Win32
		{DA956FD3-E142-46F2-9DD5-C78BEBB56B7A}.Release_NoSTDIO|x86.Build.0 = Release|Win32
		{DA956FD3-E142-46F2-9DD5-C78BEBB56B7A}.Release|Win32.ActiveCfg = Release|Win32
		{DA956FD3-E142-46F2-9DD5-C78BEBB56B7A}.Release|Win32.Build.0 = Release|Win32
		{DA956FD3-E142-46F2-9DD5-C78BEBB56B7A}.Release|x64.ActiveCfg = Release|x64
		{DA956FD3-E142-46F2-9DD5-C78BEBB56B7A}.Release|x64.Build.0 = Release|x64
		{DA956FD3-E142-46F2-9DD5-C78BEBB56B7A}.Release|x86.ActiveCfg = Release|Win32
		{DA956FD3-E142-46F2-9DD5-C78BEBB56B7A}.Release|x86.Build.0 = Release|Win32
	EndGlobalSection
	GlobalSection(SolutionProperties) = preSolution
		HideSolutionNode = FALSE
	EndGlobalSection
EndGlobal
