
Microsoft Visual Studio Solution File, Format Version 10.00
# Visual Studio 2008
Project("{8BC9CEB8-8B4A-11D0-8D11-00A0C91BC942}") = "lib", "lib.vcproj", "{B4242804-E171-4C3A-9B17-3AF4290A62BD}"
EndProject
Project("{8BC9CEB8-8B4A-11D0-8D11-00A0C91BC942}") = "demo", "demo.vcproj", "{1961E876-3A3F-4456-BD50-4C4D5BD20438}"
EndProject
Global
	GlobalSection(SolutionConfigurationPlatforms) = preSolution
		Debug|Win32 = Debug|Win32
		Release|Win32 = Release|Win32
	EndGlobalSection
	GlobalSection(ProjectConfigurationPlatforms) = postSolution
		{B4242804-E171-4C3A-9B17-3AF4290A62BD}.Debug|Win32.ActiveCfg = Debug|Win32
		{B4242804-E171-4C3A-9B17-3AF4290A62BD}.Debug|Win32.Build.0 = Debug|Win32
		{B4242804-E171-4C3A-9B17-3AF4290A62BD}.Release|Win32.ActiveCfg = Release|Win32
		{B4242804-E171-4C3A-9B17-3AF4290A62BD}.Release|Win32.Build.0 = Release|Win32
		{1961E876-3A3F-4456-BD50-4C4D5BD20438}.Debug|Win32.ActiveCfg = Debug|Win32
		{1961E876-3A3F-4456-BD50-4C4D5BD20438}.Debug|Win32.Build.0 = Debug|Win32
		{1961E876-3A3F-4456-BD50-4C4D5BD20438}.Release|Win32.ActiveCfg = Release|Win32
		{1961E876-3A3F-4456-BD50-4C4D5BD20438}.Release|Win32.Build.0 = Release|Win32
	EndGlobalSection
	GlobalSection(SolutionProperties) = preSolution
		HideSolutionNode = FALSE
	EndGlobalSection
EndGlobal
