
Microsoft Visual Studio Solution File, Format Version 12.00
# Visual Studio 14
VisualStudioVersion = 14.0.25420.1
MinimumVisualStudioVersion = 10.0.40219.1
Project("{8BC9CEB8-8B4A-11D0-8D11-00A0C91BC942}") = "oglsc", "oglsc.vcxproj", "{ACC16442-4C70-4887-BD24-78298E97711D}"
EndProject
Project("{8BC9CEB8-8B4A-11D0-8D11-00A0C91BC942}") = "demo", "demo\demo.vcxproj", "{DA7F975D-BBE0-4344-B193-EFE2EAF96C26}"
EndProject
Project("{8BC9CEB8-8B4A-11D0-8D11-00A0C91BC942}") = "SDL", "..\..\SDL-1.2.15\VisualC\SDL\SDL.vcxproj", "{81CE8DAF-EBB2-4761-8E45-B71ABCCA8C68}"
EndProject
Global
	GlobalSection(SolutionConfigurationPlatforms) = preSolution
		Debug|x64 = Debug|x64
		Debug|x86 = Debug|x86
		Release|x64 = Release|x64
		Release|x86 = Release|x86
	EndGlobalSection
	GlobalSection(ProjectConfigurationPlatforms) = postSolution
		{ACC16442-4C70-4887-BD24-78298E97711D}.Debug|x64.ActiveCfg = Debug|x64
		{ACC16442-4C70-4887-BD24-78298E97711D}.Debug|x64.Build.0 = Debug|x64
		{ACC16442-4C70-4887-BD24-78298E97711D}.Debug|x86.ActiveCfg = Debug|Win32
		{ACC16442-4C70-4887-BD24-78298E97711D}.Debug|x86.Build.0 = Debug|Win32
		{ACC16442-4C70-4887-BD24-78298E97711D}.Release|x64.ActiveCfg = Release|x64
		{ACC16442-4C70-4887-BD24-78298E97711D}.Release|x64.Build.0 = Release|x64
		{ACC16442-4C70-4887-BD24-78298E97711D}.Release|x86.ActiveCfg = Release|Win32
		{ACC16442-4C70-4887-BD24-78298E97711D}.Release|x86.Build.0 = Release|Win32
		{DA7F975D-BBE0-4344-B193-EFE2EAF96C26}.Debug|x64.ActiveCfg = Debug|x64
		{DA7F975D-BBE0-4344-B193-EFE2EAF96C26}.Debug|x64.Build.0 = Debug|x64
		{DA7F975D-BBE0-4344-B193-EFE2EAF96C26}.Debug|x86.ActiveCfg = Debug|Win32
		{DA7F975D-BBE0-4344-B193-EFE2EAF96C26}.Debug|x86.Build.0 = Debug|Win32
		{DA7F975D-BBE0-4344-B193-EFE2EAF96C26}.Release|x64.ActiveCfg = Release|x64
		{DA7F975D-BBE0-4344-B193-EFE2EAF96C26}.Release|x64.Build.0 = Release|x64
		{DA7F975D-BBE0-4344-B193-EFE2EAF96C26}.Release|x86.ActiveCfg = Release|Win32
		{DA7F975D-BBE0-4344-B193-EFE2EAF96C26}.Release|x86.Build.0 = Release|Win32
		{81CE8DAF-EBB2-4761-8E45-B71ABCCA8C68}.Debug|x64.ActiveCfg = Debug|x64
		{81CE8DAF-EBB2-4761-8E45-B71ABCCA8C68}.Debug|x64.Build.0 = Debug|x64
		{81CE8DAF-EBB2-4761-8E45-B71ABCCA8C68}.Debug|x86.ActiveCfg = Debug|Win32
		{81CE8DAF-EBB2-4761-8E45-B71ABCCA8C68}.Debug|x86.Build.0 = Debug|Win32
		{81CE8DAF-EBB2-4761-8E45-B71ABCCA8C68}.Release|x64.ActiveCfg = Release|x64
		{81CE8DAF-EBB2-4761-8E45-B71ABCCA8C68}.Release|x64.Build.0 = Release|x64
		{81CE8DAF-EBB2-4761-8E45-B71ABCCA8C68}.Release|x86.ActiveCfg = Release|Win32
		{81CE8DAF-EBB2-4761-8E45-B71ABCCA8C68}.Release|x86.Build.0 = Release|Win32
	EndGlobalSection
	GlobalSection(SolutionProperties) = preSolution
		HideSolutionNode = FALSE
	EndGlobalSection
EndGlobal
